
Microsoft Visual Studio Solution File, Format Version 12.00
# Visual Studio 14
VisualStudioVersion = 14.0.25420.1
MinimumVisualStudioVersion = 10.0.40219.1
Project("{FAE04EC0-301F-11D3-BF4B-00C04F79EFBC}") = "FinalProject368", "FinalProject368\FinalProject368.csproj", "{DCE3E96F-F2AD-4714-9A99-BF00F45BF332}"
EndProject
Global
	GlobalSection(SolutionConfigurationPlatforms) = preSolution
		Debug|Any CPU = Debug|Any CPU
		Release|Any CPU = Release|Any CPU
	EndGlobalSection
	GlobalSection(ProjectConfigurationPlatforms) = postSolution
		{DCE3E96F-F2AD-4714-9A99-BF00F45BF332}.Debug|Any CPU.ActiveCfg = Debug|Any CPU
		{DCE3E96F-F2AD-4714-9A99-BF00F45BF332}.Debug|Any CPU.Build.0 = Debug|Any CPU
		{DCE3E96F-F2AD-4714-9A99-BF00F45BF332}.Release|Any CPU.ActiveCfg = Release|Any CPU
		{DCE3E96F-F2AD-4714-9A99-BF00F45BF332}.Release|Any CPU.Build.0 = Release|Any CPU
	EndGlobalSection
	GlobalSection(SolutionProperties) = preSolution
		HideSolutionNode = FALSE
	EndGlobalSection
EndGlobal
